// !$*UTF8*$!
{
	archiveVersion = 1;
	classes = {
	};
	objectVersion = 50;
	objects = {

/* Begin PBXBuildFile section */
		221F58E13078D3232210328A /* Pods_GradientAnimatorExample.framework in Frameworks */ = {isa = PBXBuildFile; fileRef = 20D53A12945F0BBFD451805E /* Pods_GradientAnimatorExample.framework */; };
		7862A7CD227AFD110085ABB3 /* AppDelegate.swift in Sources */ = {isa = PBXBuildFile; fileRef = 7862A7CC227AFD110085ABB3 /* AppDelegate.swift */; };
		7862A7CF227AFD110085ABB3 /* ViewController.swift in Sources */ = {isa = PBXBuildFile; fileRef = 7862A7CE227AFD110085ABB3 /* ViewController.swift */; };
		7862A7D2227AFD110085ABB3 /* Main.storyboard in Resources */ = {isa = PBXBuildFile; fileRef = 7862A7D0227AFD110085ABB3 /* Main.storyboard */; };
		7862A7D4227AFD140085ABB3 /* Assets.xcassets in Resources */ = {isa = PBXBuildFile; fileRef = 7862A7D3227AFD140085ABB3 /* Assets.xcassets */; };
		7862A7D7227AFD140085ABB3 /* LaunchScreen.storyboard in Resources */ = {isa = PBXBuildFile; fileRef = 7862A7D5227AFD140085ABB3 /* LaunchScreen.storyboard */; };
		7862A7E0227AFFC40085ABB3 /* Colors.swift in Sources */ = {isa = PBXBuildFile; fileRef = 7862A7DE227AFFC30085ABB3 /* Colors.swift */; };
		7862A7E1227AFFC40085ABB3 /* ThemeViewController.swift in Sources */ = {isa = PBXBuildFile; fileRef = 7862A7DF227AFFC40085ABB3 /* ThemeViewController.swift */; };
/* End PBXBuildFile section */

/* Begin PBXFileReference section */
		09B10028ED9D96AFE2EE6A2B /* Pods-GradientAnimatorExample.release.xcconfig */ = {isa = PBXFileReference; includeInIndex = 1; lastKnownFileType = text.xcconfig; name = "Pods-GradientAnimatorExample.release.xcconfig"; path = "Target Support Files/Pods-GradientAnimatorExample/Pods-GradientAnimatorExample.release.xcconfig"; sourceTree = "<group>"; };
		20D53A12945F0BBFD451805E /* Pods_GradientAnimatorExample.framework */ = {isa = PBXFileReference; explicitFileType = wrapper.framework; includeInIndex = 0; path = Pods_GradientAnimatorExample.framework; sourceTree = BUILT_PRODUCTS_DIR; };
		3C1C816C4CBC2E271E50A6A7 /* Pods-GradientAnimatorExample.debug.xcconfig */ = {isa = PBXFileReference; includeInIndex = 1; lastKnownFileType = text.xcconfig; name = "Pods-GradientAnimatorExample.debug.xcconfig"; path = "Target Support Files/Pods-GradientAnimatorExample/Pods-GradientAnimatorExample.debug.xcconfig"; sourceTree = "<group>"; };
		7862A7C9227AFD110085ABB3 /* GradientAnimatorExample.app */ = {isa = PBXFileReference; explicitFileType = wrapper.application; includeInIndex = 0; path = GradientAnimatorExample.app; sourceTree = BUILT_PRODUCTS_DIR; };
		7862A7CC227AFD110085ABB3 /* AppDelegate.swift */ = {isa = PBXFileReference; lastKnownFileType = sourcecode.swift; path = AppDelegate.swift; sourceTree = "<group>"; };
		7862A7CE227AFD110085ABB3 /* ViewController.swift */ = {isa = PBXFileReference; lastKnownFileType = sourcecode.swift; path = ViewController.swift; sourceTree = "<group>"; };
		7862A7D1227AFD110085ABB3 /* Base */ = {isa = PBXFileReference; lastKnownFileType = file.storyboard; name = Base; path = Base.lproj/Main.storyboard; sourceTree = "<group>"; };
		7862A7D3227AFD140085ABB3 /* Assets.xcassets */ = {isa = PBXFileReference; lastKnownFileType = folder.assetcatalog; path = Assets.xcassets; sourceTree = "<group>"; };
		7862A7D6227AFD140085ABB3 /* Base */ = {isa = PBXFileReference; lastKnownFileType = file.storyboard; name = Base; path = Base.lproj/LaunchScreen.storyboard; sourceTree = "<group>"; };
		7862A7D8227AFD140085ABB3 /* Info.plist */ = {isa = PBXFileReference; lastKnownFileType = text.plist.xml; path = Info.plist; sourceTree = "<group>"; };
		7862A7DE227AFFC30085ABB3 /* Colors.swift */ = {isa = PBXFileReference; fileEncoding = 4; lastKnownFileType = sourcecode.swift; path = Colors.swift; sourceTree = "<group>"; };
		7862A7DF227AFFC40085ABB3 /* ThemeViewController.swift */ = {isa = PBXFileReference; fileEncoding = 4; lastKnownFileType = sourcecode.swift; path = ThemeViewController.swift; sourceTree = "<group>"; };
/* End PBXFileReference section */

/* Begin PBXFrameworksBuildPhase section */
		7862A7C6227AFD110085ABB3 /* Frameworks */ = {
			isa = PBXFrameworksBuildPhase;
			buildActionMask = 2147483647;
			files = (
				221F58E13078D3232210328A /* Pods_GradientAnimatorExample.framework in Frameworks */,
			);
			runOnlyForDeploymentPostprocessing = 0;
		};
/* End PBXFrameworksBuildPhase section */

/* Begin PBXGroup section */
		7862A7C0227AFD110085ABB3 = {
			isa = PBXGroup;
			children = (
				7862A7CB227AFD110085ABB3 /* GradientAnimatorExample */,
				7862A7CA227AFD110085ABB3 /* Products */,
				B7CF2F2677F6FA48CDF98BD3 /* Pods */,
				9C1721E27D864F4498765B75 /* Frameworks */,
			);
			sourceTree = "<group>";
		};
		7862A7CA227AFD110085ABB3 /* Products */ = {
			isa = PBXGroup;
			children = (
				7862A7C9227AFD110085ABB3 /* GradientAnimatorExample.app */,
			);
			name = Products;
			sourceTree = "<group>";
		};
		7862A7CB227AFD110085ABB3 /* GradientAnimatorExample */ = {
			isa = PBXGroup;
			children = (
				7862A7CC227AFD110085ABB3 /* AppDelegate.swift */,
				7862A7DE227AFFC30085ABB3 /* Colors.swift */,
				7862A7DF227AFFC40085ABB3 /* ThemeViewController.swift */,
				7862A7CE227AFD110085ABB3 /* ViewController.swift */,
				7862A7D0227AFD110085ABB3 /* Main.storyboard */,
				7862A7D3227AFD140085ABB3 /* Assets.xcassets */,
				7862A7D5227AFD140085ABB3 /* LaunchScreen.storyboard */,
				7862A7D8227AFD140085ABB3 /* Info.plist */,
			);
			path = GradientAnimatorExample;
			sourceTree = "<group>";
		};
		9C1721E27D864F4498765B75 /* Frameworks */ = {
			isa = PBXGroup;
			children = (
				20D53A12945F0BBFD451805E /* Pods_GradientAnimatorExample.framework */,
			);
			name = Frameworks;
			sourceTree = "<group>";
		};
		B7CF2F2677F6FA48CDF98BD3 /* Pods */ = {
			isa = PBXGroup;
			children = (
				3C1C816C4CBC2E271E50A6A7 /* Pods-GradientAnimatorExample.debug.xcconfig */,
				09B10028ED9D96AFE2EE6A2B /* Pods-GradientAnimatorExample.release.xcconfig */,
			);
			path = Pods;
			sourceTree = "<group>";
		};
/* End PBXGroup section */

/* Begin PBXNativeTarget section */
		7862A7C8227AFD110085ABB3 /* GradientAnimatorExample */ = {
			isa = PBXNativeTarget;
			buildConfigurationList = 7862A7DB227AFD140085ABB3 /* Build configuration list for PBXNativeTarget "GradientAnimatorExample" */;
			buildPhases = (
				80F6C738DE6CE663F3B0187A /* [CP] Check Pods Manifest.lock */,
				7862A7C5227AFD110085ABB3 /* Sources */,
				7862A7C6227AFD110085ABB3 /* Frameworks */,
				7862A7C7227AFD110085ABB3 /* Resources */,
				214020E243AF64A82E777984 /* [CP] Embed Pods Frameworks */,
			);
			buildRules = (
			);
			dependencies = (
			);
			name = GradientAnimatorExample;
			productName = GradientAnimatorExample;
			productReference = 7862A7C9227AFD110085ABB3 /* GradientAnimatorExample.app */;
			productType = "com.apple.product-type.application";
		};
/* End PBXNativeTarget section */

/* Begin PBXProject section */
		7862A7C1227AFD110085ABB3 /* Project object */ = {
			isa = PBXProject;
			attributes = {
				LastSwiftUpdateCheck = 1010;
				LastUpgradeCheck = 1010;
				ORGANIZATIONNAME = Vivek;
				TargetAttributes = {
					7862A7C8227AFD110085ABB3 = {
						CreatedOnToolsVersion = 10.1;
					};
				};
			};
			buildConfigurationList = 7862A7C4227AFD110085ABB3 /* Build configuration list for PBXProject "GradientAnimatorExample" */;
			compatibilityVersion = "Xcode 9.3";
			developmentRegion = en;
			hasScannedForEncodings = 0;
			knownRegions = (
				en,
				Base,
			);
			mainGroup = 7862A7C0227AFD110085ABB3;
			productRefGroup = 7862A7CA227AFD110085ABB3 /* Products */;
			projectDirPath = "";
			projectRoot = "";
			targets = (
				7862A7C8227AFD110085ABB3 /* GradientAnimatorExample */,
			);
		};
/* End PBXProject section */

/* Begin PBXResourcesBuildPhase section */
		7862A7C7227AFD110085ABB3 /* Resources */ = {
			isa = PBXResourcesBuildPhase;
			buildActionMask = 2147483647;
			files = (
				7862A7D7227AFD140085ABB3 /* LaunchScreen.storyboard in Resources */,
				7862A7D4227AFD140085ABB3 /* Assets.xcassets in Resources */,
				7862A7D2227AFD110085ABB3 /* Main.storyboard in Resources */,
			);
			runOnlyForDeploymentPostprocessing = 0;
		};
/* End PBXResourcesBuildPhase section */

/* Begin PBXShellScriptBuildPhase section */
		214020E243AF64A82E777984 /* [CP] Embed Pods Frameworks */ = {
			isa = PBXShellScriptBuildPhase;
			buildActionMask = 2147483647;
			files = (
			);
			inputFileListPaths = (
			);
			inputPaths = (
				"${PODS_ROOT}/Target Support Files/Pods-GradientAnimatorExample/Pods-GradientAnimatorExample-frameworks.sh",
				"${BUILT_PRODUCTS_DIR}/GradientAnimator/GradientAnimator.framework",
			);
			name = "[CP] Embed Pods Frameworks";
			outputFileListPaths = (
			);
			outputPaths = (
				"${TARGET_BUILD_DIR}/${FRAMEWORKS_FOLDER_PATH}/GradientAnimator.framework",
			);
			runOnlyForDeploymentPostprocessing = 0;
			shellPath = /bin/sh;
			shellScript = "\"${PODS_ROOT}/Target Support Files/Pods-GradientAnimatorExample/Pods-GradientAnimatorExample-frameworks.sh\"\n";
			showEnvVarsInLog = 0;
		};
		80F6C738DE6CE663F3B0187A /* [CP] Check Pods Manifest.lock */ = {
			isa = PBXShellScriptBuildPhase;
			buildActionMask = 2147483647;
			files = (
			);
			inputFileListPaths = (
			);
			inputPaths = (
				"${PODS_PODFILE_DIR_PATH}/Podfile.lock",
				"${PODS_ROOT}/Manifest.lock",
			);
			name = "[CP] Check Pods Manifest.lock";
			outputFileListPaths = (
			);
			outputPaths = (
				"$(DERIVED_FILE_DIR)/Pods-GradientAnimatorExample-checkManifestLockResult.txt",
			);
			runOnlyForDeploymentPostprocessing = 0;
			shellPath = /bin/sh;
			shellScript = "diff \"${PODS_PODFILE_DIR_PATH}/Podfile.lock\" \"${PODS_ROOT}/Manifest.lock\" > /dev/null\nif [ $? != 0 ] ; then\n    # print error to STDERR\n    echo \"error: The sandbox is not in sync with the Podfile.lock. Run 'pod install' or update your CocoaPods installation.\" >&2\n    exit 1\nfi\n# This output is used by Xcode 'outputs' to avoid re-running this script phase.\necho \"SUCCESS\" > \"${SCRIPT_OUTPUT_FILE_0}\"\n";
			showEnvVarsInLog = 0;
		};
/* End PBXShellScriptBuildPhase section */

/* Begin PBXSourcesBuildPhase section */
		7862A7C5227AFD110085ABB3 /* Sources */ = {
			isa = PBXSourcesBuildPhase;
			buildActionMask = 2147483647;
			files = (
				7862A7CF227AFD110085ABB3 /* ViewController.swift in Sources */,
				7862A7E0227AFFC40085ABB3 /* Colors.swift in Sources */,
				7862A7E1227AFFC40085ABB3 /* ThemeViewController.swift in Sources */,
				7862A7CD227AFD110085ABB3 /* AppDelegate.swift in Sources */,
			);
			runOnlyForDeploymentPostprocessing = 0;
		};
/* End PBXSourcesBuildPhase section */

/* Begin PBXVariantGroup section */
		7862A7D0227AFD110085ABB3 /* Main.storyboard */ = {
			isa = PBXVariantGroup;
			children = (
				7862A7D1227AFD110085ABB3 /* Base */,
			);
			name = Main.storyboard;
			sourceTree = "<group>";
		};
		7862A7D5227AFD140085ABB3 /* LaunchScreen.storyboard */ = {
			isa = PBXVariantGroup;
			children = (
				7862A7D6227AFD140085ABB3 /* Base */,
			);
			name = LaunchScreen.storyboard;
			sourceTree = "<group>";
		};
/* End PBXVariantGroup section */

/* Begin XCBuildConfiguration section */
		7862A7D9227AFD140085ABB3 /* Debug */ = {
			isa = XCBuildConfiguration;
			buildSettings = {
				ALWAYS_SEARCH_USER_PATHS = NO;
				CLANG_ANALYZER_NONNULL = YES;
				CLANG_ANALYZER_NUMBER_OBJECT_CONVERSION = YES_AGGRESSIVE;
				CLANG_CXX_LANGUAGE_STANDARD = "gnu++14";
				CLANG_CXX_LIBRARY = "libc++";
				CLANG_ENABLE_MODULES = YES;
				CLANG_ENABLE_OBJC_ARC = YES;
				CLANG_ENABLE_OBJC_WEAK = YES;
				CLANG_WARN_BLOCK_CAPTURE_AUTORELEASING = YES;
				CLANG_WARN_BOOL_CONVERSION = YES;
				CLANG_WARN_COMMA = YES;
				CLANG_WARN_CONSTANT_CONVERSION = YES;
				CLANG_WARN_DEPRECATED_OBJC_IMPLEMENTATIONS = YES;
				CLANG_WARN_DIRECT_OBJC_ISA_USAGE = YES_ERROR;
				CLANG_WARN_DOCUMENTATION_COMMENTS = YES;
				CLANG_WARN_EMPTY_BODY = YES;
				CLANG_WARN_ENUM_CONVERSION = YES;
				CLANG_WARN_INFINITE_RECURSION = YES;
				CLANG_WARN_INT_CONVERSION = YES;
				CLANG_WARN_NON_LITERAL_NULL_CONVERSION = YES;
				CLANG_WARN_OBJC_IMPLICIT_RETAIN_SELF = YES;
				CLANG_WARN_OBJC_LITERAL_CONVERSION = YES;
				CLANG_WARN_OBJC_ROOT_CLASS = YES_ERROR;
				CLANG_WARN_RANGE_LOOP_ANALYSIS = YES;
				CLANG_WARN_STRICT_PROTOTYPES = YES;
				CLANG_WARN_SUSPICIOUS_MOVE = YES;
				CLANG_WARN_UNGUARDED_AVAILABILITY = YES_AGGRESSIVE;
				CLANG_WARN_UNREACHABLE_CODE = YES;
				CLANG_WARN__DUPLICATE_METHOD_MATCH = YES;
				CODE_SIGN_IDENTITY = "iPhone Developer";
				COPY_PHASE_STRIP = NO;
				DEBUG_INFORMATION_FORMAT = dwarf;
				ENABLE_STRICT_OBJC_MSGSEND = YES;
				ENABLE_TESTABILITY = YES;
				GCC_C_LANGUAGE_STANDARD = gnu11;
				GCC_DYNAMIC_NO_PIC = NO;
				GCC_NO_COMMON_BLOCKS = YES;
				GCC_OPTIMIZATION_LEVEL = 0;
				GCC_PREPROCESSOR_DEFINITIONS = (
					"DEBUG=1",
					"$(inherited)",
				);
				GCC_WARN_64_TO_32_BIT_CONVERSION = YES;
				GCC_WARN_ABOUT_RETURN_TYPE = YES_ERROR;
				GCC_WARN_UNDECLARED_SELECTOR = YES;
				GCC_WARN_UNINITIALIZED_AUTOS = YES_AGGRESSIVE;
				GCC_WARN_UNUSED_FUNCTION = YES;
				GCC_WARN_UNUSED_VARIABLE = YES;
				IPHONEOS_DEPLOYMENT_TARGET = 12.1;
				MTL_ENABLE_DEBUG_INFO = INCLUDE_SOURCE;
				MTL_FAST_MATH = YES;
				ONLY_ACTIVE_ARCH = YES;
				SDKROOT = iphoneos;
				SWIFT_ACTIVE_COMPILATION_CONDITIONS = DEBUG;
				SWIFT_OPTIMIZATION_LEVEL = "-Onone";
			};
			name = Debug;
		};
		7862A7DA227AFD140085ABB3 /* Release */ = {
			isa = XCBuildConfiguration;
			buildSettings = {
				ALWAYS_SEARCH_USER_PATHS = NO;
				CLANG_ANALYZER_NONNULL = YES;
				CLANG_ANALYZER_NUMBER_OBJECT_CONVERSION = YES_AGGRESSIVE;
				CLANG_CXX_LANGUAGE_STANDARD = "gnu++14";
				CLANG_CXX_LIBRARY = "libc++";
				CLANG_ENABLE_MODULES = YES;
				CLANG_ENABLE_OBJC_ARC = YES;
				CLANG_ENABLE_OBJC_WEAK = YES;
				CLANG_WARN_BLOCK_CAPTURE_AUTORELEASING = YES;
				CLANG_WARN_BOOL_CONVERSION = YES;
				CLANG_WARN_COMMA = YES;
				CLANG_WARN_CONSTANT_CONVERSION = YES;
				CLANG_WARN_DEPRECATED_OBJC_IMPLEMENTATIONS = YES;
				CLANG_WARN_DIRECT_OBJC_ISA_USAGE = YES_ERROR;
				CLANG_WARN_DOCUMENTATION_COMMENTS = YES;
				CLANG_WARN_EMPTY_BODY = YES;
				CLANG_WARN_ENUM_CONVERSION = YES;
				CLANG_WARN_INFINITE_RECURSION = YES;
				CLANG_WARN_INT_CONVERSION = YES;
				CLANG_WARN_NON_LITERAL_NULL_CONVERSION = YES;
				CLANG_WARN_OBJC_IMPLICIT_RETAIN_SELF = YES;
				CLANG_WARN_OBJC_LITERAL_CONVERSION = YES;
				CLANG_WARN_OBJC_ROOT_CLASS = YES_ERROR;
				CLANG_WARN_RANGE_LOOP_ANALYSIS = YES;
				CLANG_WARN_STRICT_PROTOTYPES = YES;
				CLANG_WARN_SUSPICIOUS_MOVE = YES;
				CLANG_WARN_UNGUARDED_AVAILABILITY = YES_AGGRESSIVE;
				CLANG_WARN_UNREACHABLE_CODE = YES;
				CLANG_WARN__DUPLICATE_METHOD_MATCH = YES;
				CODE_SIGN_IDENTITY = "iPhone Developer";
				COPY_PHASE_STRIP = NO;
				DEBUG_INFORMATION_FORMAT = "dwarf-with-dsym";
				ENABLE_NS_ASSERTIONS = NO;
				ENABLE_STRICT_OBJC_MSGSEND = YES;
				GCC_C_LANGUAGE_STANDARD = gnu11;
				GCC_NO_COMMON_BLOCKS = YES;
				GCC_WARN_64_TO_32_BIT_CONVERSION = YES;
				GCC_WARN_ABOUT_RETURN_TYPE = YES_ERROR;
				GCC_WARN_UNDECLARED_SELECTOR = YES;
				GCC_WARN_UNINITIALIZED_AUTOS = YES_AGGRESSIVE;
				GCC_WARN_UNUSED_FUNCTION = YES;
				GCC_WARN_UNUSED_VARIABLE = YES;
				IPHONEOS_DEPLOYMENT_TARGET = 12.1;
				MTL_ENABLE_DEBUG_INFO = NO;
				MTL_FAST_MATH = YES;
				SDKROOT = iphoneos;
				SWIFT_COMPILATION_MODE = wholemodule;
				SWIFT_OPTIMIZATION_LEVEL = "-O";
				VALIDATE_PRODUCT = YES;
			};
			name = Release;
		};
		7862A7DC227AFD140085ABB3 /* Debug */ = {
			isa = XCBuildConfiguration;
			baseConfigurationReference = 3C1C816C4CBC2E271E50A6A7 /* Pods-GradientAnimatorExample.debug.xcconfig */;
			buildSettings = {
				ASSETCATALOG_COMPILER_APPICON_NAME = AppIcon;
				CODE_SIGN_STYLE = Automatic;
				DEVELOPMENT_TEAM = Y6AK6TF2DS;
				INFOPLIST_FILE = GradientAnimatorExample/Info.plist;
				LD_RUNPATH_SEARCH_PATHS = (
					"$(inherited)",
					"@executable_path/Frameworks",
				);
				PRODUCT_BUNDLE_IDENTIFIER = com.ileaf.GradientAnimatorExample;
				PRODUCT_NAME = "$(TARGET_NAME)";
				SWIFT_VERSION = 4.2;
				TARGETED_DEVICE_FAMILY = "1,2";
			};
			name = Debug;
		};
		7862A7DD227AFD140085ABB3 /* Release */ = {
			isa = XCBuildConfiguration;
			baseConfigurationReference = 09B10028ED9D96AFE2EE6A2B /* Pods-GradientAnimatorExample.release.xcconfig */;
			buildSettings = {
				ASSETCATALOG_COMPILER_APPICON_NAME = AppIcon;
				CODE_SIGN_STYLE = Automatic;
				DEVELOPMENT_TEAM = Y6AK6TF2DS;
				INFOPLIST_FILE = GradientAnimatorExample/Info.plist;
				LD_RUNPATH_SEARCH_PATHS = (
					"$(inherited)",
					"@executable_path/Frameworks",
				);
				PRODUCT_BUNDLE_IDENTIFIER = com.ileaf.GradientAnimatorExample;
				PRODUCT_NAME = "$(TARGET_NAME)";
				SWIFT_VERSION = 4.2;
				TARGETED_DEVICE_FAMILY = "1,2";
			};
			name = Release;
		};
/* End XCBuildConfiguration section */

/* Begin XCConfigurationList section */
		7862A7C4227AFD110085ABB3 /* Build configuration list for PBXProject "GradientAnimatorExample" */ = {
			isa = XCConfigurationList;
			buildConfigurations = (
				7862A7D9227AFD140085ABB3 /* Debug */,
				7862A7DA227AFD140085ABB3 /* Release */,
			);
			defaultConfigurationIsVisible = 0;
			defaultConfigurationName = Release;
		};
		7862A7DB227AFD140085ABB3 /* Build configuration list for PBXNativeTarget "GradientAnimatorExample" */ = {
			isa = XCConfigurationList;
			buildConfigurations = (
				7862A7DC227AFD140085ABB3 /* Debug */,
				7862A7DD227AFD140085ABB3 /* Release */,
			);
			defaultConfigurationIsVisible = 0;
			defaultConfigurationName = Release;
		};
/* End XCConfigurationList section */
	};
	rootObject = 7862A7C1227AFD110085ABB3 /* Project object */;
}
